PODS:
  - Fakery (3.4.0)
  - InitialsImageView (0.4.0)

DEPENDENCIES:
  - Fakery (= 3.4.0)
  - InitialsImageView (= 0.4.0)

SPEC REPOS:
  https://github.com/cocoapods/specs.git:
    - Fakery
    - InitialsImageView

SPEC CHECKSUMS:
  Fakery: 885e894a3e7c392e1da96c6e46a1abe5a0b28686
  InitialsImageView: bea137b6281b3a82ccef09327986ec78a1a0da37

PODFILE CHECKSUM: 5c3ed81f3bdd811ab15a369c9da96bfa34bd334d

COCOAPODS: 1.6.0.beta.2
